// !$*UTF8*$!
{
	archiveVersion = 1;
	classes = {
	};
	objectVersion = 46;
	objects = {

/* Begin PBXBuildFile section */
		F73959C61D7F972D00BBB61D /* Soldier.swift in Sources */ = {isa = PBXBuildFile; fileRef = F73959C51D7F972D00BBB61D /* Soldier.swift */; };
		F73959C81D7F977600BBB61D /* Player.swift in Sources */ = {isa = PBXBuildFile; fileRef = F73959C71D7F977600BBB61D /* Player.swift */; };
		F73959CA1D7F995B00BBB61D /* Orc.swift in Sources */ = {isa = PBXBuildFile; fileRef = F73959C91D7F995B00BBB61D /* Orc.swift */; };
		F7D979671D66206C008EE291 /* AppDelegate.swift in Sources */ = {isa = PBXBuildFile; fileRef = F7D979661D66206C008EE291 /* AppDelegate.swift */; };
		F7D979691D66206C008EE291 /* ViewController.swift in Sources */ = {isa = PBXBuildFile; fileRef = F7D979681D66206C008EE291 /* ViewController.swift */; };
		F7D9796C1D66206C008EE291 /* Main.storyboard in Resources */ = {isa = PBXBuildFile; fileRef = F7D9796A1D66206C008EE291 /* Main.storyboard */; };
		F7D9796F1D66206C008EE291 /* OOP2.xcdatamodeld in Sources */ = {isa = PBXBuildFile; fileRef = F7D9796D1D66206C008EE291 /* OOP2.xcdatamodeld */; };
		F7D979711D66206C008EE291 /* Assets.xcassets in Resources */ = {isa = PBXBuildFile; fileRef = F7D979701D66206C008EE291 /* Assets.xcassets */; };
		F7D979741D66206C008EE291 /* LaunchScreen.storyboard in Resources */ = {isa = PBXBuildFile; fileRef = F7D979721D66206C008EE291 /* LaunchScreen.storyboard */; };
		F7D9797F1D66206C008EE291 /* OOP2Tests.swift in Sources */ = {isa = PBXBuildFile; fileRef = F7D9797E1D66206C008EE291 /* OOP2Tests.swift */; };
		F7D9798A1D66206C008EE291 /* OOP2UITests.swift in Sources */ = {isa = PBXBuildFile; fileRef = F7D979891D66206C008EE291 /* OOP2UITests.swift */; };
/* End PBXBuildFile section */

/* Begin PBXContainerItemProxy section */
		F7D9797B1D66206C008EE291 /* PBXContainerItemProxy */ = {
			isa = PBXContainerItemProxy;
			containerPortal = F7D9795B1D66206C008EE291 /* Project object */;
			proxyType = 1;
			remoteGlobalIDString = F7D979621D66206C008EE291;
			remoteInfo = OOP2;
		};
		F7D979861D66206C008EE291 /* PBXContainerItemProxy */ = {
			isa = PBXContainerItemProxy;
			containerPortal = F7D9795B1D66206C008EE291 /* Project object */;
			proxyType = 1;
			remoteGlobalIDString = F7D979621D66206C008EE291;
			remoteInfo = OOP2;
		};
/* End PBXContainerItemProxy section */

/* Begin PBXFileReference section */
		F73959C51D7F972D00BBB61D /* Soldier.swift */ = {isa = PBXFileReference; fileEncoding = 4; lastKnownFileType = sourcecode.swift; path = Soldier.swift; sourceTree = "<group>"; };
		F73959C71D7F977600BBB61D /* Player.swift */ = {isa = PBXFileReference; fileEncoding = 4; lastKnownFileType = sourcecode.swift; path = Player.swift; sourceTree = "<group>"; };
		F73959C91D7F995B00BBB61D /* Orc.swift */ = {isa = PBXFileReference; fileEncoding = 4; lastKnownFileType = sourcecode.swift; path = Orc.swift; sourceTree = "<group>"; };
		F7D979631D66206C008EE291 /* OOP2.app */ = {isa = PBXFileReference; explicitFileType = wrapper.application; includeInIndex = 0; path = OOP2.app; sourceTree = BUILT_PRODUCTS_DIR; };
		F7D979661D66206C008EE291 /* AppDelegate.swift */ = {isa = PBXFileReference; lastKnownFileType = sourcecode.swift; path = AppDelegate.swift; sourceTree = "<group>"; };
		F7D979681D66206C008EE291 /* ViewController.swift */ = {isa = PBXFileReference; lastKnownFileType = sourcecode.swift; path = ViewController.swift; sourceTree = "<group>"; };
		F7D9796B1D66206C008EE291 /* Base */ = {isa = PBXFileReference; lastKnownFileType = file.storyboard; name = Base; path = Base.lproj/Main.storyboard; sourceTree = "<group>"; };
		F7D9796E1D66206C008EE291 /* OOP2.xcdatamodel */ = {isa = PBXFileReference; lastKnownFileType = wrapper.xcdatamodel; path = OOP2.xcdatamodel; sourceTree = "<group>"; };
		F7D979701D66206C008EE291 /* Assets.xcassets */ = {isa = PBXFileReference; lastKnownFileType = folder.assetcatalog; path = Assets.xcassets; sourceTree = "<group>"; };
		F7D979731D66206C008EE291 /* Base */ = {isa = PBXFileReference; lastKnownFileType = file.storyboard; name = Base; path = Base.lproj/LaunchScreen.storyboard; sourceTree = "<group>"; };
		F7D979751D66206C008EE291 /* Info.plist */ = {isa = PBXFileReference; lastKnownFileType = text.plist.xml; path = Info.plist; sourceTree = "<group>"; };
		F7D9797A1D66206C008EE291 /* OOP2Tests.xctest */ = {isa = PBXFileReference; explicitFileType = wrapper.cfbundle; includeInIndex = 0; path = OOP2Tests.xctest; sourceTree = BUILT_PRODUCTS_DIR; };
		F7D9797E1D66206C008EE291 /* OOP2Tests.swift */ = {isa = PBXFileReference; lastKnownFileType = sourcecode.swift; path = OOP2Tests.swift; sourceTree = "<group>"; };
		F7D979801D66206C008EE291 /* Info.plist */ = {isa = PBXFileReference; lastKnownFileType = text.plist.xml; path = Info.plist; sourceTree = "<group>"; };
		F7D979851D66206C008EE291 /* OOP2UITests.xctest */ = {isa = PBXFileReference; explicitFileType = wrapper.cfbundle; includeInIndex = 0; path = OOP2UITests.xctest; sourceTree = BUILT_PRODUCTS_DIR; };
		F7D979891D66206C008EE291 /* OOP2UITests.swift */ = {isa = PBXFileReference; lastKnownFileType = sourcecode.swift; path = OOP2UITests.swift; sourceTree = "<group>"; };
		F7D9798B1D66206C008EE291 /* Info.plist */ = {isa = PBXFileReference; lastKnownFileType = text.plist.xml; path = Info.plist; sourceTree = "<group>"; };
/* End PBXFileReference section */

/* Begin PBXFrameworksBuildPhase section */
		F7D979601D66206C008EE291 /* Frameworks */ = {
			isa = PBXFrameworksBuildPhase;
			buildActionMask = 2147483647;
			files = (
			);
			runOnlyForDeploymentPostprocessing = 0;
		};
		F7D979771D66206C008EE291 /* Frameworks */ = {
			isa = PBXFrameworksBuildPhase;
			buildActionMask = 2147483647;
			files = (
			);
			runOnlyForDeploymentPostprocessing = 0;
		};
		F7D979821D66206C008EE291 /* Frameworks */ = {
			isa = PBXFrameworksBuildPhase;
			buildActionMask = 2147483647;
			files = (
			);
			runOnlyForDeploymentPostprocessing = 0;
		};
/* End PBXFrameworksBuildPhase section */

/* Begin PBXGroup section */
		F7D9795A1D66206C008EE291 = {
			isa = PBXGroup;
			children = (
				F7D979651D66206C008EE291 /* OOP2 */,
				F7D9797D1D66206C008EE291 /* OOP2Tests */,
				F7D979881D66206C008EE291 /* OOP2UITests */,
				F7D979641D66206C008EE291 /* Products */,
			);
			sourceTree = "<group>";
		};
		F7D979641D66206C008EE291 /* Products */ = {
			isa = PBXGroup;
			children = (
				F7D979631D66206C008EE291 /* OOP2.app */,
				F7D9797A1D66206C008EE291 /* OOP2Tests.xctest */,
				F7D979851D66206C008EE291 /* OOP2UITests.xctest */,
			);
			name = Products;
			sourceTree = "<group>";
		};
		F7D979651D66206C008EE291 /* OOP2 */ = {
			isa = PBXGroup;
			children = (
				F7D979661D66206C008EE291 /* AppDelegate.swift */,
				F7D979681D66206C008EE291 /* ViewController.swift */,
				F7D9796A1D66206C008EE291 /* Main.storyboard */,
				F7D979701D66206C008EE291 /* Assets.xcassets */,
				F7D979721D66206C008EE291 /* LaunchScreen.storyboard */,
				F7D979751D66206C008EE291 /* Info.plist */,
				F7D9796D1D66206C008EE291 /* OOP2.xcdatamodeld */,
				F73959C51D7F972D00BBB61D /* Soldier.swift */,
				F73959C71D7F977600BBB61D /* Player.swift */,
				F73959C91D7F995B00BBB61D /* Orc.swift */,
			);
			path = OOP2;
			sourceTree = "<group>";
		};
		F7D9797D1D66206C008EE291 /* OOP2Tests */ = {
			isa = PBXGroup;
			children = (
				F7D9797E1D66206C008EE291 /* OOP2Tests.swift */,
				F7D979801D66206C008EE291 /* Info.plist */,
			);
			path = OOP2Tests;
			sourceTree = "<group>";
		};
		F7D979881D66206C008EE291 /* OOP2UITests */ = {
			isa = PBXGroup;
			children = (
				F7D979891D66206C008EE291 /* OOP2UITests.swift */,
				F7D9798B1D66206C008EE291 /* Info.plist */,
			);
			path = OOP2UITests;
			sourceTree = "<group>";
		};
/* End PBXGroup section */

/* Begin PBXNativeTarget section */
		F7D979621D66206C008EE291 /* OOP2 */ = {
			isa = PBXNativeTarget;
			buildConfigurationList = F7D9798E1D66206C008EE291 /* Build configuration list for PBXNativeTarget "OOP2" */;
			buildPhases = (
				F7D9795F1D66206C008EE291 /* Sources */,
				F7D979601D66206C008EE291 /* Frameworks */,
				F7D979611D66206C008EE291 /* Resources */,
			);
			buildRules = (
			);
			dependencies = (
			);
			name = OOP2;
			productName = OOP2;
			productReference = F7D979631D66206C008EE291 /* OOP2.app */;
			productType = "com.apple.product-type.application";
		};
		F7D979791D66206C008EE291 /* OOP2Tests */ = {
			isa = PBXNativeTarget;
			buildConfigurationList = F7D979911D66206C008EE291 /* Build configuration list for PBXNativeTarget "OOP2Tests" */;
			buildPhases = (
				F7D979761D66206C008EE291 /* Sources */,
				F7D979771D66206C008EE291 /* Frameworks */,
				F7D979781D66206C008EE291 /* Resources */,
			);
			buildRules = (
			);
			dependencies = (
				F7D9797C1D66206C008EE291 /* PBXTargetDependency */,
			);
			name = OOP2Tests;
			productName = OOP2Tests;
			productReference = F7D9797A1D66206C008EE291 /* OOP2Tests.xctest */;
			productType = "com.apple.product-type.bundle.unit-test";
		};
		F7D979841D66206C008EE291 /* OOP2UITests */ = {
			isa = PBXNativeTarget;
			buildConfigurationList = F7D979941D66206C008EE291 /* Build configuration list for PBXNativeTarget "OOP2UITests" */;
			buildPhases = (
				F7D979811D66206C008EE291 /* Sources */,
				F7D979821D66206C008EE291 /* Frameworks */,
				F7D979831D66206C008EE291 /* Resources */,
			);
			buildRules = (
			);
			dependencies = (
				F7D979871D66206C008EE291 /* PBXTargetDependency */,
			);
			name = OOP2UITests;
			productName = OOP2UITests;
			productReference = F7D979851D66206C008EE291 /* OOP2UITests.xctest */;
			productType = "com.apple.product-type.bundle.ui-testing";
		};
/* End PBXNativeTarget section */

/* Begin PBXProject section */
		F7D9795B1D66206C008EE291 /* Project object */ = {
			isa = PBXProject;
			attributes = {
				LastSwiftUpdateCheck = 0730;
				LastUpgradeCheck = 0730;
				ORGANIZATIONNAME = "Jeremy Turney";
				TargetAttributes = {
					F7D979621D66206C008EE291 = {
						CreatedOnToolsVersion = 7.3.1;
						DevelopmentTeam = 4YQ3J23Y24;
						LastSwiftMigration = 0810;
					};
					F7D979791D66206C008EE291 = {
						CreatedOnToolsVersion = 7.3.1;
						LastSwiftMigration = 0810;
						TestTargetID = F7D979621D66206C008EE291;
					};
					F7D979841D66206C008EE291 = {
						CreatedOnToolsVersion = 7.3.1;
						LastSwiftMigration = 0810;
						TestTargetID = F7D979621D66206C008EE291;
					};
				};
			};
			buildConfigurationList = F7D9795E1D66206C008EE291 /* Build configuration list for PBXProject "OOP2" */;
			compatibilityVersion = "Xcode 3.2";
			developmentRegion = English;
			hasScannedForEncodings = 0;
			knownRegions = (
				en,
				Base,
			);
			mainGroup = F7D9795A1D66206C008EE291;
			productRefGroup = F7D979641D66206C008EE291 /* Products */;
			projectDirPath = "";
			projectRoot = "";
			targets = (
				F7D979621D66206C008EE291 /* OOP2 */,
				F7D979791D66206C008EE291 /* OOP2Tests */,
				F7D979841D66206C008EE291 /* OOP2UITests */,
			);
		};
/* End PBXProject section */

/* Begin PBXResourcesBuildPhase section */
		F7D979611D66206C008EE291 /* Resources */ = {
			isa = PBXResourcesBuildPhase;
			buildActionMask = 2147483647;
			files = (
				F7D979741D66206C008EE291 /* LaunchScreen.storyboard in Resources */,
				F7D979711D66206C008EE291 /* Assets.xcassets in Resources */,
				F7D9796C1D66206C008EE291 /* Main.storyboard in Resources */,
			);
			runOnlyForDeploymentPostprocessing = 0;
		};
		F7D979781D66206C008EE291 /* Resources */ = {
			isa = PBXResourcesBuildPhase;
			buildActionMask = 2147483647;
			files = (
			);
			runOnlyForDeploymentPostprocessing = 0;
		};
		F7D979831D66206C008EE291 /* Resources */ = {
			isa = PBXResourcesBuildPhase;
			buildActionMask = 2147483647;
			files = (
			);
			runOnlyForDeploymentPostprocessing = 0;
		};
/* End PBXResourcesBuildPhase section */

/* Begin PBXSourcesBuildPhase section */
		F7D9795F1D66206C008EE291 /* Sources */ = {
			isa = PBXSourcesBuildPhase;
			buildActionMask = 2147483647;
			files = (
				F73959C81D7F977600BBB61D /* Player.swift in Sources */,
				F7D9796F1D66206C008EE291 /* OOP2.xcdatamodeld in Sources */,
				F7D979691D66206C008EE291 /* ViewController.swift in Sources */,
				F73959C61D7F972D00BBB61D /* Soldier.swift in Sources */,
				F73959CA1D7F995B00BBB61D /* Orc.swift in Sources */,
				F7D979671D66206C008EE291 /* AppDelegate.swift in Sources */,
			);
			runOnlyForDeploymentPostprocessing = 0;
		};
		F7D979761D66206C008EE291 /* Sources */ = {
			isa = PBXSourcesBuildPhase;
			buildActionMask = 2147483647;
			files = (
				F7D9797F1D66206C008EE291 /* OOP2Tests.swift in Sources */,
			);
			runOnlyForDeploymentPostprocessing = 0;
		};
		F7D979811D66206C008EE291 /* Sources */ = {
			isa = PBXSourcesBuildPhase;
			buildActionMask = 2147483647;
			files = (
				F7D9798A1D66206C008EE291 /* OOP2UITests.swift in Sources */,
			);
			runOnlyForDeploymentPostprocessing = 0;
		};
/* End PBXSourcesBuildPhase section */

/* Begin PBXTargetDependency section */
		F7D9797C1D66206C008EE291 /* PBXTargetDependency */ = {
			isa = PBXTargetDependency;
			target = F7D979621D66206C008EE291 /* OOP2 */;
			targetProxy = F7D9797B1D66206C008EE291 /* PBXContainerItemProxy */;
		};
		F7D979871D66206C008EE291 /* PBXTargetDependency */ = {
			isa = PBXTargetDependency;
			target = F7D979621D66206C008EE291 /* OOP2 */;
			targetProxy = F7D979861D66206C008EE291 /* PBXContainerItemProxy */;
		};
/* End PBXTargetDependency section */

/* Begin PBXVariantGroup section */
		F7D9796A1D66206C008EE291 /* Main.storyboard */ = {
			isa = PBXVariantGroup;
			children = (
				F7D9796B1D66206C008EE291 /* Base */,
			);
			name = Main.storyboard;
			sourceTree = "<group>";
		};
		F7D979721D66206C008EE291 /* LaunchScreen.storyboard */ = {
			isa = PBXVariantGroup;
			children = (
				F7D979731D66206C008EE291 /* Base */,
			);
			name = LaunchScreen.storyboard;
			sourceTree = "<group>";
		};
/* End PBXVariantGroup section */

/* Begin XCBuildConfiguration section */
		F7D9798C1D66206C008EE291 /* Debug */ = {
			isa = XCBuildConfiguration;
			buildSettings = {
				ALWAYS_SEARCH_USER_PATHS = NO;
				CLANG_ANALYZER_NONNULL = YES;
				CLANG_CXX_LANGUAGE_STANDARD = "gnu++0x";
				CLANG_CXX_LIBRARY = "libc++";
				CLANG_ENABLE_MODULES = YES;
				CLANG_ENABLE_OBJC_ARC = YES;
				CLANG_WARN_BOOL_CONVERSION = YES;
				CLANG_WARN_CONSTANT_CONVERSION = YES;
				CLANG_WARN_DIRECT_OBJC_ISA_USAGE = YES_ERROR;
				CLANG_WARN_EMPTY_BODY = YES;
				CLANG_WARN_ENUM_CONVERSION = YES;
				CLANG_WARN_INT_CONVERSION = YES;
				CLANG_WARN_OBJC_ROOT_CLASS = YES_ERROR;
				CLANG_WARN_UNREACHABLE_CODE = YES;
				CLANG_WARN__DUPLICATE_METHOD_MATCH = YES;
				"CODE_SIGN_IDENTITY[sdk=iphoneos*]" = "iPhone Developer";
				COPY_PHASE_STRIP = NO;
				DEBUG_INFORMATION_FORMAT = dwarf;
				ENABLE_STRICT_OBJC_MSGSEND = YES;
				ENABLE_TESTABILITY = YES;
				GCC_C_LANGUAGE_STANDARD = gnu99;
				GCC_DYNAMIC_NO_PIC = NO;
				GCC_NO_COMMON_BLOCKS = YES;
				GCC_OPTIMIZATION_LEVEL = 0;
				GCC_PREPROCESSOR_DEFINITIONS = (
					"DEBUG=1",
					"$(inherited)",
				);
				GCC_WARN_64_TO_32_BIT_CONVERSION = YES;
				GCC_WARN_ABOUT_RETURN_TYPE = YES_ERROR;
				GCC_WARN_UNDECLARED_SELECTOR = YES;
				GCC_WARN_UNINITIALIZED_AUTOS = YES_AGGRESSIVE;
				GCC_WARN_UNUSED_FUNCTION = YES;
				GCC_WARN_UNUSED_VARIABLE = YES;
				IPHONEOS_DEPLOYMENT_TARGET = 9.3;
				MTL_ENABLE_DEBUG_INFO = YES;
				ONLY_ACTIVE_ARCH = YES;
				SDKROOT = iphoneos;
				SWIFT_OPTIMIZATION_LEVEL = "-Onone";
				TARGETED_DEVICE_FAMILY = "1,2";
			};
			name = Debug;
		};
		F7D9798D1D66206C008EE291 /* Release */ = {
			isa = XCBuildConfiguration;
			buildSettings = {
				ALWAYS_SEARCH_USER_PATHS = NO;
				CLANG_ANALYZER_NONNULL = YES;
				CLANG_CXX_LANGUAGE_STANDARD = "gnu++0x";
				CLANG_CXX_LIBRARY = "libc++";
				CLANG_ENABLE_MODULES = YES;
				CLANG_ENABLE_OBJC_ARC = YES;
				CLANG_WARN_BOOL_CONVERSION = YES;
				CLANG_WARN_CONSTANT_CONVERSION = YES;
				CLANG_WARN_DIRECT_OBJC_ISA_USAGE = YES_ERROR;
				CLANG_WARN_EMPTY_BODY = YES;
				CLANG_WARN_ENUM_CONVERSION = YES;
				CLANG_WARN_INT_CONVERSION = YES;
				CLANG_WARN_OBJC_ROOT_CLASS = YES_ERROR;
				CLANG_WARN_UNREACHABLE_CODE = YES;
				CLANG_WARN__DUPLICATE_METHOD_MATCH = YES;
				"CODE_SIGN_IDENTITY[sdk=iphoneos*]" = "iPhone Developer";
				COPY_PHASE_STRIP = NO;
				DEBUG_INFORMATION_FORMAT = "dwarf-with-dsym";
				ENABLE_NS_ASSERTIONS = NO;
				ENABLE_STRICT_OBJC_MSGSEND = YES;
				GCC_C_LANGUAGE_STANDARD = gnu99;
				GCC_NO_COMMON_BLOCKS = YES;
				GCC_WARN_64_TO_32_BIT_CONVERSION = YES;
				GCC_WARN_ABOUT_RETURN_TYPE = YES_ERROR;
				GCC_WARN_UNDECLARED_SELECTOR = YES;
				GCC_WARN_UNINITIALIZED_AUTOS = YES_AGGRESSIVE;
				GCC_WARN_UNUSED_FUNCTION = YES;
				GCC_WARN_UNUSED_VARIABLE = YES;
				IPHONEOS_DEPLOYMENT_TARGET = 9.3;
				MTL_ENABLE_DEBUG_INFO = NO;
				SDKROOT = iphoneos;
				TARGETED_DEVICE_FAMILY = "1,2";
				VALIDATE_PRODUCT = YES;
			};
			name = Release;
		};
		F7D9798F1D66206C008EE291 /* Debug */ = {
			isa = XCBuildConfiguration;
			buildSettings = {
				ASSETCATALOG_COMPILER_APPICON_NAME = AppIcon;
				DEVELOPMENT_TEAM = 4YQ3J23Y24;
				INFOPLIST_FILE = OOP2/Info.plist;
				LD_RUNPATH_SEARCH_PATHS = "$(inherited) @executable_path/Frameworks";
				PRODUCT_BUNDLE_IDENTIFIER = Jeremy.OOP2;
				PRODUCT_NAME = "$(TARGET_NAME)";
				SWIFT_VERSION = 3.0;
				TARGETED_DEVICE_FAMILY = "1,2";
			};
			name = Debug;
		};
		F7D979901D66206C008EE291 /* Release */ = {
			isa = XCBuildConfiguration;
			buildSettings = {
				ASSETCATALOG_COMPILER_APPICON_NAME = AppIcon;
				DEVELOPMENT_TEAM = 4YQ3J23Y24;
				INFOPLIST_FILE = OOP2/Info.plist;
				LD_RUNPATH_SEARCH_PATHS = "$(inherited) @executable_path/Frameworks";
				PRODUCT_BUNDLE_IDENTIFIER = Jeremy.OOP2;
				PRODUCT_NAME = "$(TARGET_NAME)";
				SWIFT_VERSION = 3.0;
				TARGETED_DEVICE_FAMILY = "1,2";
			};
			name = Release;
		};
		F7D979921D66206C008EE291 /* Debug */ = {
			isa = XCBuildConfiguration;
			buildSettings = {
				BUNDLE_LOADER = "$(TEST_HOST)";
				INFOPLIST_FILE = OOP2Tests/Info.plist;
				LD_RUNPATH_SEARCH_PATHS = "$(inherited) @executable_path/Frameworks @loader_path/Frameworks";
				PRODUCT_BUNDLE_IDENTIFIER = Jeremy.OOP2Tests;
				PRODUCT_NAME = "$(TARGET_NAME)";
				SWIFT_VERSION = 3.0;
				TEST_HOST = "$(BUILT_PRODUCTS_DIR)/OOP2.app/OOP2";
			};
			name = Debug;
		};
		F7D979931D66206C008EE291 /* Release */ = {
			isa = XCBuildConfiguration;
			buildSettings = {
				BUNDLE_LOADER = "$(TEST_HOST)";
				INFOPLIST_FILE = OOP2Tests/Info.plist;
				LD_RUNPATH_SEARCH_PATHS = "$(inherited) @executable_path/Frameworks @loader_path/Frameworks";
				PRODUCT_BUNDLE_IDENTIFIER = Jeremy.OOP2Tests;
				PRODUCT_NAME = "$(TARGET_NAME)";
				SWIFT_VERSION = 3.0;
				TEST_HOST = "$(BUILT_PRODUCTS_DIR)/OOP2.app/OOP2";
			};
			name = Release;
		};
		F7D979951D66206C008EE291 /* Debug */ = {
			isa = XCBuildConfiguration;
			buildSettings = {
				INFOPLIST_FILE = OOP2UITests/Info.plist;
				LD_RUNPATH_SEARCH_PATHS = "$(inherited) @executable_path/Frameworks @loader_path/Frameworks";
				PRODUCT_BUNDLE_IDENTIFIER = Jeremy.OOP2UITests;
				PRODUCT_NAME = "$(TARGET_NAME)";
				SWIFT_VERSION = 3.0;
				TEST_TARGET_NAME = OOP2;
			};
			name = Debug;
		};
		F7D979961D66206C008EE291 /* Release */ = {
			isa = XCBuildConfiguration;
			buildSettings = {
				INFOPLIST_FILE = OOP2UITests/Info.plist;
				LD_RUNPATH_SEARCH_PATHS = "$(inherited) @executable_path/Frameworks @loader_path/Frameworks";
				PRODUCT_BUNDLE_IDENTIFIER = Jeremy.OOP2UITests;
				PRODUCT_NAME = "$(TARGET_NAME)";
				SWIFT_VERSION = 3.0;
				TEST_TARGET_NAME = OOP2;
			};
			name = Release;
		};
/* End XCBuildConfiguration section */

/* Begin XCConfigurationList section */
		F7D9795E1D66206C008EE291 /* Build configuration list for PBXProject "OOP2" */ = {
			isa = XCConfigurationList;
			buildConfigurations = (
				F7D9798C1D66206C008EE291 /* Debug */,
				F7D9798D1D66206C008EE291 /* Release */,
			);
			defaultConfigurationIsVisible = 0;
			defaultConfigurationName = Release;
		};
		F7D9798E1D66206C008EE291 /* Build configuration list for PBXNativeTarget "OOP2" */ = {
			isa = XCConfigurationList;
			buildConfigurations = (
				F7D9798F1D66206C008EE291 /* Debug */,
				F7D979901D66206C008EE291 /* Release */,
			);
			defaultConfigurationIsVisible = 0;
			defaultConfigurationName = Release;
		};
		F7D979911D66206C008EE291 /* Build configuration list for PBXNativeTarget "OOP2Tests" */ = {
			isa = XCConfigurationList;
			buildConfigurations = (
				F7D979921D66206C008EE291 /* Debug */,
				F7D979931D66206C008EE291 /* Release */,
			);
			defaultConfigurationIsVisible = 0;
			defaultConfigurationName = Release;
		};
		F7D979941D66206C008EE291 /* Build configuration list for PBXNativeTarget "OOP2UITests" */ = {
			isa = XCConfigurationList;
			buildConfigurations = (
				F7D979951D66206C008EE291 /* Debug */,
				F7D979961D66206C008EE291 /* Release */,
			);
			defaultConfigurationIsVisible = 0;
			defaultConfigurationName = Release;
		};
/* End XCConfigurationList section */

/* Begin XCVersionGroup section */
		F7D9796D1D66206C008EE291 /* OOP2.xcdatamodeld */ = {
			isa = XCVersionGroup;
			children = (
				F7D9796E1D66206C008EE291 /* OOP2.xcdatamodel */,
			);
			currentVersion = F7D9796E1D66206C008EE291 /* OOP2.xcdatamodel */;
			path = OOP2.xcdatamodeld;
			sourceTree = "<group>";
			versionGroupType = wrapper.xcdatamodel;
		};
/* End XCVersionGroup section */
	};
	rootObject = F7D9795B1D66206C008EE291 /* Project object */;
}
